
Microsoft Visual Studio Solution File, Format Version 12.00
# Visual Studio Version 16
VisualStudioVersion = 16.0.29503.13
MinimumVisualStudioVersion = 10.0.40219.1
Project("{FAE04EC0-301F-11D3-BF4B-00C04F79EFBC}") = "SapiensCsharp", "SapiensCsharp\SapiensCsharp.csproj", "{19F7B5BD-7769-4AF2-A34F-EE0439A35B7D}"
EndProject
Project("{FAE04EC0-301F-11D3-BF4B-00C04F79EFBC}") = "SapiensTest.Test", "SapiensTest.Test\SapiensTest.Test.csproj", "{3CAAC840-82C6-4527-B2FE-7CAE6BFCB5E8}"
EndProject
Global
	GlobalSection(SolutionConfigurationPlatforms) = preSolution
		Debug|Any CPU = Debug|Any CPU
		Release|Any CPU = Release|Any CPU
	EndGlobalSection
	GlobalSection(ProjectConfigurationPlatforms) = postSolution
		{19F7B5BD-7769-4AF2-A34F-EE0439A35B7D}.Debug|Any CPU.ActiveCfg = Debug|Any CPU
		{19F7B5BD-7769-4AF2-A34F-EE0439A35B7D}.Debug|Any CPU.Build.0 = Debug|Any CPU
		{19F7B5BD-7769-4AF2-A34F-EE0439A35B7D}.Release|Any CPU.ActiveCfg = Release|Any CPU
		{19F7B5BD-7769-4AF2-A34F-EE0439A35B7D}.Release|Any CPU.Build.0 = Release|Any CPU
		{3CAAC840-82C6-4527-B2FE-7CAE6BFCB5E8}.Debug|Any CPU.ActiveCfg = Debug|Any CPU
		{3CAAC840-82C6-4527-B2FE-7CAE6BFCB5E8}.Debug|Any CPU.Build.0 = Debug|Any CPU
		{3CAAC840-82C6-4527-B2FE-7CAE6BFCB5E8}.Release|Any CPU.ActiveCfg = Release|Any CPU
		{3CAAC840-82C6-4527-B2FE-7CAE6BFCB5E8}.Release|Any CPU.Build.0 = Release|Any CPU
	EndGlobalSection
	GlobalSection(SolutionProperties) = preSolution
		HideSolutionNode = FALSE
	EndGlobalSection
	GlobalSection(ExtensibilityGlobals) = postSolution
		SolutionGuid = {A62776EE-770E-482B-88C4-66C2B8F81E7F}
	EndGlobalSection
EndGlobal
